{"format_version":"1.2","terraform_version":"1.6.6","planned_values":{"root_module":{"resources":[{"address":"github_issue_label.test_repo","mode":"managed","type":"github_issue_label","name":"test_repo","provider_name":"registry.terraform.io/integrations/github","schema_version":0,"values":{"color":"FF0000","description":null,"name":"foo","repository":"examples"},"sensitive_values":{}}]}},"resource_changes":[{"address":"github_issue_label.test_repo","mode":"managed","type":"github_issue_label","name":"test_repo","provider_name":"registry.terraform.io/integrations/github","change":{"actions":["create"],"before":null,"after":{"color":"FF0000","description":null,"name":"foo","repository":"examples"},"after_unknown":{"etag":true,"id":true,"url":true},"before_sensitive":false,"after_sensitive":{}}}],"configuration":{"provider_config":{"github":{"name":"github","full_name":"registry.terraform.io/integrations/github","version_constraint":"~\u003e 5.0"}},"root_module":{"resources":[{"address":"github_issue_label.test_repo","mode":"managed","type":"github_issue_label","name":"test_repo","provider_config_key":"github","expressions":{"color":{"constant_value":"FF0000"},"name":{"constant_value":"foo"},"repository":{"constant_value":"examples"}},"schema_version":0}]}},"timestamp":"2024-01-11T13:28:48Z","errored":false}
